// !$*UTF8*$!
{
	archiveVersion = 1;
	classes = {
	};
	objectVersion = 48;
	objects = {

/* Begin PBXBuildFile section */
		CAC9F126F6CB179BB866FAE3 /* Pods_Versi.framework in Frameworks */ = {isa = PBXBuildFile; fileRef = E335D964F30E0C69B1B4DB17 /* Pods_Versi.framework */; };
		F67678A51FB9B4C400085357 /* SearchVC.swift in Sources */ = {isa = PBXBuildFile; fileRef = F67678A41FB9B4C400085357 /* SearchVC.swift */; };
		F6826EC61FBC878200CBBEA1 /* Repo.swift in Sources */ = {isa = PBXBuildFile; fileRef = F6826EC51FBC878200CBBEA1 /* Repo.swift */; };
		F6826ECA1FBC8AF300CBBEA1 /* TrendingRepoCell.swift in Sources */ = {isa = PBXBuildFile; fileRef = F6826EC91FBC8AF300CBBEA1 /* TrendingRepoCell.swift */; };
		F6B7373F1FB83CD20089CB33 /* AppDelegate.swift in Sources */ = {isa = PBXBuildFile; fileRef = F6B7373E1FB83CD20089CB33 /* AppDelegate.swift */; };
		F6B737411FB83CD20089CB33 /* TrendingFeedVC.swift in Sources */ = {isa = PBXBuildFile; fileRef = F6B737401FB83CD20089CB33 /* TrendingFeedVC.swift */; };
		F6B737441FB83CD20089CB33 /* Main.storyboard in Resources */ = {isa = PBXBuildFile; fileRef = F6B737421FB83CD20089CB33 /* Main.storyboard */; };
		F6B737461FB83CD20089CB33 /* Assets.xcassets in Resources */ = {isa = PBXBuildFile; fileRef = F6B737451FB83CD20089CB33 /* Assets.xcassets */; };
		F6B737491FB83CD20089CB33 /* LaunchScreen.storyboard in Resources */ = {isa = PBXBuildFile; fileRef = F6B737471FB83CD20089CB33 /* LaunchScreen.storyboard */; };
		F6D7D80E1FB9E9DA00D4CA90 /* RoundedBorderButton.swift in Sources */ = {isa = PBXBuildFile; fileRef = F6D7D80D1FB9E9DA00D4CA90 /* RoundedBorderButton.swift */; };
		F6D7D8101FB9EC7400D4CA90 /* RoundedBorderTextField.swift in Sources */ = {isa = PBXBuildFile; fileRef = F6D7D80F1FB9EC7400D4CA90 /* RoundedBorderTextField.swift */; };
/* End PBXBuildFile section */

/* Begin PBXFileReference section */
		64AECA27B13EA27AEED8DF1E /* Pods-Versi.debug.xcconfig */ = {isa = PBXFileReference; includeInIndex = 1; lastKnownFileType = text.xcconfig; name = "Pods-Versi.debug.xcconfig"; path = "Pods/Target Support Files/Pods-Versi/Pods-Versi.debug.xcconfig"; sourceTree = "<group>"; };
		B44028785E276C8EE8C0DFF1 /* Pods-Versi.release.xcconfig */ = {isa = PBXFileReference; includeInIndex = 1; lastKnownFileType = text.xcconfig; name = "Pods-Versi.release.xcconfig"; path = "Pods/Target Support Files/Pods-Versi/Pods-Versi.release.xcconfig"; sourceTree = "<group>"; };
		E335D964F30E0C69B1B4DB17 /* Pods_Versi.framework */ = {isa = PBXFileReference; explicitFileType = wrapper.framework; includeInIndex = 0; path = Pods_Versi.framework; sourceTree = BUILT_PRODUCTS_DIR; };
		F67678A41FB9B4C400085357 /* SearchVC.swift */ = {isa = PBXFileReference; lastKnownFileType = sourcecode.swift; name = SearchVC.swift; path = ../../SearchVC.swift; sourceTree = "<group>"; };
		F6826EC51FBC878200CBBEA1 /* Repo.swift */ = {isa = PBXFileReference; lastKnownFileType = sourcecode.swift; path = Repo.swift; sourceTree = "<group>"; };
		F6826EC91FBC8AF300CBBEA1 /* TrendingRepoCell.swift */ = {isa = PBXFileReference; lastKnownFileType = sourcecode.swift; path = TrendingRepoCell.swift; sourceTree = "<group>"; };
		F6B7373B1FB83CD20089CB33 /* Versi.app */ = {isa = PBXFileReference; explicitFileType = wrapper.application; includeInIndex = 0; path = Versi.app; sourceTree = BUILT_PRODUCTS_DIR; };
		F6B7373E1FB83CD20089CB33 /* AppDelegate.swift */ = {isa = PBXFileReference; lastKnownFileType = sourcecode.swift; path = AppDelegate.swift; sourceTree = "<group>"; };
		F6B737401FB83CD20089CB33 /* TrendingFeedVC.swift */ = {isa = PBXFileReference; lastKnownFileType = sourcecode.swift; path = TrendingFeedVC.swift; sourceTree = "<group>"; };
		F6B737431FB83CD20089CB33 /* Base */ = {isa = PBXFileReference; lastKnownFileType = file.storyboard; name = Base; path = Base.lproj/Main.storyboard; sourceTree = "<group>"; };
		F6B737451FB83CD20089CB33 /* Assets.xcassets */ = {isa = PBXFileReference; lastKnownFileType = folder.assetcatalog; path = Assets.xcassets; sourceTree = "<group>"; };
		F6B737481FB83CD20089CB33 /* Base */ = {isa = PBXFileReference; lastKnownFileType = file.storyboard; name = Base; path = Base.lproj/LaunchScreen.storyboard; sourceTree = "<group>"; };
		F6B7374A1FB83CD20089CB33 /* Info.plist */ = {isa = PBXFileReference; lastKnownFileType = text.plist.xml; path = Info.plist; sourceTree = "<group>"; };
		F6D7D80D1FB9E9DA00D4CA90 /* RoundedBorderButton.swift */ = {isa = PBXFileReference; lastKnownFileType = sourcecode.swift; path = RoundedBorderButton.swift; sourceTree = "<group>"; };
		F6D7D80F1FB9EC7400D4CA90 /* RoundedBorderTextField.swift */ = {isa = PBXFileReference; lastKnownFileType = sourcecode.swift; path = RoundedBorderTextField.swift; sourceTree = "<group>"; };
/* End PBXFileReference section */

/* Begin PBXFrameworksBuildPhase section */
		F6B737381FB83CD20089CB33 /* Frameworks */ = {
			isa = PBXFrameworksBuildPhase;
			buildActionMask = 2147483647;
			files = (
				CAC9F126F6CB179BB866FAE3 /* Pods_Versi.framework in Frameworks */,
			);
			runOnlyForDeploymentPostprocessing = 0;
		};
/* End PBXFrameworksBuildPhase section */

/* Begin PBXGroup section */
		E3BD1EF3BC7A8315F4ED1119 /* Pods */ = {
			isa = PBXGroup;
			children = (
				64AECA27B13EA27AEED8DF1E /* Pods-Versi.debug.xcconfig */,
				B44028785E276C8EE8C0DFF1 /* Pods-Versi.release.xcconfig */,
			);
			name = Pods;
			sourceTree = "<group>";
		};
		EDA0CE5BC1C76D547E7A5C51 /* Frameworks */ = {
			isa = PBXGroup;
			children = (
				E335D964F30E0C69B1B4DB17 /* Pods_Versi.framework */,
			);
			name = Frameworks;
			sourceTree = "<group>";
		};
		F6B737321FB83CD20089CB33 = {
			isa = PBXGroup;
			children = (
				F6B7373D1FB83CD20089CB33 /* Versi */,
				F6B7373C1FB83CD20089CB33 /* Products */,
				E3BD1EF3BC7A8315F4ED1119 /* Pods */,
				EDA0CE5BC1C76D547E7A5C51 /* Frameworks */,
			);
			sourceTree = "<group>";
		};
		F6B7373C1FB83CD20089CB33 /* Products */ = {
			isa = PBXGroup;
			children = (
				F6B7373B1FB83CD20089CB33 /* Versi.app */,
			);
			name = Products;
			sourceTree = "<group>";
		};
		F6B7373D1FB83CD20089CB33 /* Versi */ = {
			isa = PBXGroup;
			children = (
				F6B737501FB83D210089CB33 /* Model */,
				F6B737511FB83D2B0089CB33 /* View */,
				F6B737521FB83D310089CB33 /* Controller */,
				F6B7373E1FB83CD20089CB33 /* AppDelegate.swift */,
				F6B737421FB83CD20089CB33 /* Main.storyboard */,
				F67678A41FB9B4C400085357 /* SearchVC.swift */,
				F6B737451FB83CD20089CB33 /* Assets.xcassets */,
				F6B737471FB83CD20089CB33 /* LaunchScreen.storyboard */,
				F6B7374A1FB83CD20089CB33 /* Info.plist */,
			);
			path = Versi;
			sourceTree = "<group>";
		};
		F6B737501FB83D210089CB33 /* Model */ = {
			isa = PBXGroup;
			children = (
				F6826EC51FBC878200CBBEA1 /* Repo.swift */,
			);
			path = Model;
			sourceTree = "<group>";
		};
		F6B737511FB83D2B0089CB33 /* View */ = {
			isa = PBXGroup;
			children = (
				F6D7D80D1FB9E9DA00D4CA90 /* RoundedBorderButton.swift */,
				F6D7D80F1FB9EC7400D4CA90 /* RoundedBorderTextField.swift */,
				F6826EC91FBC8AF300CBBEA1 /* TrendingRepoCell.swift */,
			);
			path = View;
			sourceTree = "<group>";
		};
		F6B737521FB83D310089CB33 /* Controller */ = {
			isa = PBXGroup;
			children = (
				F6B737401FB83CD20089CB33 /* TrendingFeedVC.swift */,
			);
			path = Controller;
			sourceTree = "<group>";
		};
/* End PBXGroup section */

/* Begin PBXNativeTarget section */
		F6B7373A1FB83CD20089CB33 /* Versi */ = {
			isa = PBXNativeTarget;
			buildConfigurationList = F6B7374D1FB83CD20089CB33 /* Build configuration list for PBXNativeTarget "Versi" */;
			buildPhases = (
				B4D035F54C6BC4A4547E3F51 /* [CP] Check Pods Manifest.lock */,
				F6B737371FB83CD20089CB33 /* Sources */,
				F6B737381FB83CD20089CB33 /* Frameworks */,
				F6B737391FB83CD20089CB33 /* Resources */,
				A14788BC81F0AB0976CB6364 /* [CP] Embed Pods Frameworks */,
				8C7BB38EA3B7FB7CD9CFCC1F /* [CP] Copy Pods Resources */,
			);
			buildRules = (
			);
			dependencies = (
			);
			name = Versi;
			productName = Versi;
			productReference = F6B7373B1FB83CD20089CB33 /* Versi.app */;
			productType = "com.apple.product-type.application";
		};
/* End PBXNativeTarget section */

/* Begin PBXProject section */
		F6B737331FB83CD20089CB33 /* Project object */ = {
			isa = PBXProject;
			attributes = {
				LastSwiftUpdateCheck = 0910;
				LastUpgradeCheck = 0910;
				ORGANIZATIONNAME = IceApinan;
				TargetAttributes = {
					F6B7373A1FB83CD20089CB33 = {
						CreatedOnToolsVersion = 9.1;
						ProvisioningStyle = Automatic;
					};
				};
			};
			buildConfigurationList = F6B737361FB83CD20089CB33 /* Build configuration list for PBXProject "Versi" */;
			compatibilityVersion = "Xcode 8.0";
			developmentRegion = en;
			hasScannedForEncodings = 0;
			knownRegions = (
				en,
				Base,
			);
			mainGroup = F6B737321FB83CD20089CB33;
			productRefGroup = F6B7373C1FB83CD20089CB33 /* Products */;
			projectDirPath = "";
			projectRoot = "";
			targets = (
				F6B7373A1FB83CD20089CB33 /* Versi */,
			);
		};
/* End PBXProject section */

/* Begin PBXResourcesBuildPhase section */
		F6B737391FB83CD20089CB33 /* Resources */ = {
			isa = PBXResourcesBuildPhase;
			buildActionMask = 2147483647;
			files = (
				F6B737491FB83CD20089CB33 /* LaunchScreen.storyboard in Resources */,
				F6B737461FB83CD20089CB33 /* Assets.xcassets in Resources */,
				F6B737441FB83CD20089CB33 /* Main.storyboard in Resources */,
			);
			runOnlyForDeploymentPostprocessing = 0;
		};
/* End PBXResourcesBuildPhase section */

/* Begin PBXShellScriptBuildPhase section */
		8C7BB38EA3B7FB7CD9CFCC1F /* [CP] Copy Pods Resources */ = {
			isa = PBXShellScriptBuildPhase;
			buildActionMask = 2147483647;
			files = (
			);
			inputPaths = (
			);
			name = "[CP] Copy Pods Resources";
			outputPaths = (
			);
			runOnlyForDeploymentPostprocessing = 0;
			shellPath = /bin/sh;
			shellScript = "\"${SRCROOT}/Pods/Target Support Files/Pods-Versi/Pods-Versi-resources.sh\"\n";
			showEnvVarsInLog = 0;
		};
		A14788BC81F0AB0976CB6364 /* [CP] Embed Pods Frameworks */ = {
			isa = PBXShellScriptBuildPhase;
			buildActionMask = 2147483647;
			files = (
			);
			inputPaths = (
				"${SRCROOT}/Pods/Target Support Files/Pods-Versi/Pods-Versi-frameworks.sh",
				"${BUILT_PRODUCTS_DIR}/Alamofire/Alamofire.framework",
				"${BUILT_PRODUCTS_DIR}/AlamofireImage/AlamofireImage.framework",
				"${BUILT_PRODUCTS_DIR}/RxCocoa/RxCocoa.framework",
				"${BUILT_PRODUCTS_DIR}/RxSwift/RxSwift.framework",
			);
			name = "[CP] Embed Pods Frameworks";
			outputPaths = (
				"${TARGET_BUILD_DIR}/${FRAMEWORKS_FOLDER_PATH}/Alamofire.framework",
				"${TARGET_BUILD_DIR}/${FRAMEWORKS_FOLDER_PATH}/AlamofireImage.framework",
				"${TARGET_BUILD_DIR}/${FRAMEWORKS_FOLDER_PATH}/RxCocoa.framework",
				"${TARGET_BUILD_DIR}/${FRAMEWORKS_FOLDER_PATH}/RxSwift.framework",
			);
			runOnlyForDeploymentPostprocessing = 0;
			shellPath = /bin/sh;
			shellScript = "\"${SRCROOT}/Pods/Target Support Files/Pods-Versi/Pods-Versi-frameworks.sh\"\n";
			showEnvVarsInLog = 0;
		};
		B4D035F54C6BC4A4547E3F51 /* [CP] Check Pods Manifest.lock */ = {
			isa = PBXShellScriptBuildPhase;
			buildActionMask = 2147483647;
			files = (
			);
			inputPaths = (
				"${PODS_PODFILE_DIR_PATH}/Podfile.lock",
				"${PODS_ROOT}/Manifest.lock",
			);
			name = "[CP] Check Pods Manifest.lock";
			outputPaths = (
				"$(DERIVED_FILE_DIR)/Pods-Versi-checkManifestLockResult.txt",
			);
			runOnlyForDeploymentPostprocessing = 0;
			shellPath = /bin/sh;
			shellScript = "diff \"${PODS_PODFILE_DIR_PATH}/Podfile.lock\" \"${PODS_ROOT}/Manifest.lock\" > /dev/null\nif [ $? != 0 ] ; then\n    # print error to STDERR\n    echo \"error: The sandbox is not in sync with the Podfile.lock. Run 'pod install' or update your CocoaPods installation.\" >&2\n    exit 1\nfi\n# This output is used by Xcode 'outputs' to avoid re-running this script phase.\necho \"SUCCESS\" > \"${SCRIPT_OUTPUT_FILE_0}\"\n";
			showEnvVarsInLog = 0;
		};
/* End PBXShellScriptBuildPhase section */

/* Begin PBXSourcesBuildPhase section */
		F6B737371FB83CD20089CB33 /* Sources */ = {
			isa = PBXSourcesBuildPhase;
			buildActionMask = 2147483647;
			files = (
				F67678A51FB9B4C400085357 /* SearchVC.swift in Sources */,
				F6826ECA1FBC8AF300CBBEA1 /* TrendingRepoCell.swift in Sources */,
				F6D7D8101FB9EC7400D4CA90 /* RoundedBorderTextField.swift in Sources */,
				F6B737411FB83CD20089CB33 /* TrendingFeedVC.swift in Sources */,
				F6826EC61FBC878200CBBEA1 /* Repo.swift in Sources */,
				F6B7373F1FB83CD20089CB33 /* AppDelegate.swift in Sources */,
				F6D7D80E1FB9E9DA00D4CA90 /* RoundedBorderButton.swift in Sources */,
			);
			runOnlyForDeploymentPostprocessing = 0;
		};
/* End PBXSourcesBuildPhase section */

/* Begin PBXVariantGroup section */
		F6B737421FB83CD20089CB33 /* Main.storyboard */ = {
			isa = PBXVariantGroup;
			children = (
				F6B737431FB83CD20089CB33 /* Base */,
			);
			name = Main.storyboard;
			sourceTree = "<group>";
		};
		F6B737471FB83CD20089CB33 /* LaunchScreen.storyboard */ = {
			isa = PBXVariantGroup;
			children = (
				F6B737481FB83CD20089CB33 /* Base */,
			);
			name = LaunchScreen.storyboard;
			sourceTree = "<group>";
		};
/* End PBXVariantGroup section */

/* Begin XCBuildConfiguration section */
		F6B7374B1FB83CD20089CB33 /* Debug */ = {
			isa = XCBuildConfiguration;
			buildSettings = {
				ALWAYS_SEARCH_USER_PATHS = NO;
				CLANG_ANALYZER_NONNULL = YES;
				CLANG_ANALYZER_NUMBER_OBJECT_CONVERSION = YES_AGGRESSIVE;
				CLANG_CXX_LANGUAGE_STANDARD = "gnu++14";
				CLANG_CXX_LIBRARY = "libc++";
				CLANG_ENABLE_MODULES = YES;
				CLANG_ENABLE_OBJC_ARC = YES;
				CLANG_WARN_BLOCK_CAPTURE_AUTORELEASING = YES;
				CLANG_WARN_BOOL_CONVERSION = YES;
				CLANG_WARN_COMMA = YES;
				CLANG_WARN_CONSTANT_CONVERSION = YES;
				CLANG_WARN_DIRECT_OBJC_ISA_USAGE = YES_ERROR;
				CLANG_WARN_DOCUMENTATION_COMMENTS = YES;
				CLANG_WARN_EMPTY_BODY = YES;
				CLANG_WARN_ENUM_CONVERSION = YES;
				CLANG_WARN_INFINITE_RECURSION = YES;
				CLANG_WARN_INT_CONVERSION = YES;
				CLANG_WARN_NON_LITERAL_NULL_CONVERSION = YES;
				CLANG_WARN_OBJC_LITERAL_CONVERSION = YES;
				CLANG_WARN_OBJC_ROOT_CLASS = YES_ERROR;
				CLANG_WARN_RANGE_LOOP_ANALYSIS = YES;
				CLANG_WARN_STRICT_PROTOTYPES = YES;
				CLANG_WARN_SUSPICIOUS_MOVE = YES;
				CLANG_WARN_UNGUARDED_AVAILABILITY = YES_AGGRESSIVE;
				CLANG_WARN_UNREACHABLE_CODE = YES;
				CLANG_WARN__DUPLICATE_METHOD_MATCH = YES;
				CODE_SIGN_IDENTITY = "iPhone Developer";
				COPY_PHASE_STRIP = NO;
				DEBUG_INFORMATION_FORMAT = dwarf;
				ENABLE_STRICT_OBJC_MSGSEND = YES;
				ENABLE_TESTABILITY = YES;
				FRAMEWORK_SEARCH_PATHS = "";
				GCC_C_LANGUAGE_STANDARD = gnu11;
				GCC_DYNAMIC_NO_PIC = NO;
				GCC_NO_COMMON_BLOCKS = YES;
				GCC_OPTIMIZATION_LEVEL = 0;
				GCC_PREPROCESSOR_DEFINITIONS = (
					"DEBUG=1",
					"$(inherited)",
				);
				GCC_WARN_64_TO_32_BIT_CONVERSION = YES;
				GCC_WARN_ABOUT_RETURN_TYPE = YES_ERROR;
				GCC_WARN_UNDECLARED_SELECTOR = YES;
				GCC_WARN_UNINITIALIZED_AUTOS = YES_AGGRESSIVE;
				GCC_WARN_UNUSED_FUNCTION = YES;
				GCC_WARN_UNUSED_VARIABLE = YES;
				IPHONEOS_DEPLOYMENT_TARGET = 11.1;
				LD_RUNPATH_SEARCH_PATHS = "$(inherited)";
				MTL_ENABLE_DEBUG_INFO = YES;
				ONLY_ACTIVE_ARCH = YES;
				SDKROOT = iphoneos;
				SWIFT_ACTIVE_COMPILATION_CONDITIONS = DEBUG;
				SWIFT_OPTIMIZATION_LEVEL = "-Onone";
			};
			name = Debug;
		};
		F6B7374C1FB83CD20089CB33 /* Release */ = {
			isa = XCBuildConfiguration;
			buildSettings = {
				ALWAYS_SEARCH_USER_PATHS = NO;
				CLANG_ANALYZER_NONNULL = YES;
				CLANG_ANALYZER_NUMBER_OBJECT_CONVERSION = YES_AGGRESSIVE;
				CLANG_CXX_LANGUAGE_STANDARD = "gnu++14";
				CLANG_CXX_LIBRARY = "libc++";
				CLANG_ENABLE_MODULES = YES;
				CLANG_ENABLE_OBJC_ARC = YES;
				CLANG_WARN_BLOCK_CAPTURE_AUTORELEASING = YES;
				CLANG_WARN_BOOL_CONVERSION = YES;
				CLANG_WARN_COMMA = YES;
				CLANG_WARN_CONSTANT_CONVERSION = YES;
				CLANG_WARN_DIRECT_OBJC_ISA_USAGE = YES_ERROR;
				CLANG_WARN_DOCUMENTATION_COMMENTS = YES;
				CLANG_WARN_EMPTY_BODY = YES;
				CLANG_WARN_ENUM_CONVERSION = YES;
				CLANG_WARN_INFINITE_RECURSION = YES;
				CLANG_WARN_INT_CONVERSION = YES;
				CLANG_WARN_NON_LITERAL_NULL_CONVERSION = YES;
				CLANG_WARN_OBJC_LITERAL_CONVERSION = YES;
				CLANG_WARN_OBJC_ROOT_CLASS = YES_ERROR;
				CLANG_WARN_RANGE_LOOP_ANALYSIS = YES;
				CLANG_WARN_STRICT_PROTOTYPES = YES;
				CLANG_WARN_SUSPICIOUS_MOVE = YES;
				CLANG_WARN_UNGUARDED_AVAILABILITY = YES_AGGRESSIVE;
				CLANG_WARN_UNREACHABLE_CODE = YES;
				CLANG_WARN__DUPLICATE_METHOD_MATCH = YES;
				CODE_SIGN_IDENTITY = "iPhone Developer";
				COPY_PHASE_STRIP = NO;
				DEBUG_INFORMATION_FORMAT = "dwarf-with-dsym";
				ENABLE_NS_ASSERTIONS = NO;
				ENABLE_STRICT_OBJC_MSGSEND = YES;
				FRAMEWORK_SEARCH_PATHS = "";
				GCC_C_LANGUAGE_STANDARD = gnu11;
				GCC_NO_COMMON_BLOCKS = YES;
				GCC_WARN_64_TO_32_BIT_CONVERSION = YES;
				GCC_WARN_ABOUT_RETURN_TYPE = YES_ERROR;
				GCC_WARN_UNDECLARED_SELECTOR = YES;
				GCC_WARN_UNINITIALIZED_AUTOS = YES_AGGRESSIVE;
				GCC_WARN_UNUSED_FUNCTION = YES;
				GCC_WARN_UNUSED_VARIABLE = YES;
				IPHONEOS_DEPLOYMENT_TARGET = 11.1;
				LD_RUNPATH_SEARCH_PATHS = "$(inherited)";
				MTL_ENABLE_DEBUG_INFO = NO;
				SDKROOT = iphoneos;
				SWIFT_OPTIMIZATION_LEVEL = "-Owholemodule";
				VALIDATE_PRODUCT = YES;
			};
			name = Release;
		};
		F6B7374E1FB83CD20089CB33 /* Debug */ = {
			isa = XCBuildConfiguration;
			baseConfigurationReference = 64AECA27B13EA27AEED8DF1E /* Pods-Versi.debug.xcconfig */;
			buildSettings = {
				ASSETCATALOG_COMPILER_APPICON_NAME = AppIcon;
				CODE_SIGN_STYLE = Automatic;
				DEVELOPMENT_TEAM = QD7C83FMRS;
				FRAMEWORK_SEARCH_PATHS = (
					"$(inherited)",
					"\"$PODS_CONFIGURATION_BUILD_DIR/Alamofire\"",
					"\"$PODS_CONFIGURATION_BUILD_DIR/AlamofireImage\"",
					"\"$PODS_CONFIGURATION_BUILD_DIR/RxCocoa\"",
					"\"$PODS_CONFIGURATION_BUILD_DIR/RxSwift\"",
				);
				INFOPLIST_FILE = Versi/Info.plist;
				LD_RUNPATH_SEARCH_PATHS = "$(inherited) @executable_path/Frameworks";
				PRODUCT_BUNDLE_IDENTIFIER = com.IceApinan.Versi;
				PRODUCT_NAME = "$(TARGET_NAME)";
				SWIFT_VERSION = 4.0;
				TARGETED_DEVICE_FAMILY = "1,2";
			};
			name = Debug;
		};
		F6B7374F1FB83CD20089CB33 /* Release */ = {
			isa = XCBuildConfiguration;
			baseConfigurationReference = B44028785E276C8EE8C0DFF1 /* Pods-Versi.release.xcconfig */;
			buildSettings = {
				ASSETCATALOG_COMPILER_APPICON_NAME = AppIcon;
				CODE_SIGN_STYLE = Automatic;
				DEVELOPMENT_TEAM = QD7C83FMRS;
				FRAMEWORK_SEARCH_PATHS = (
					"$(inherited)",
					"\"$PODS_CONFIGURATION_BUILD_DIR/Alamofire\"",
					"\"$PODS_CONFIGURATION_BUILD_DIR/AlamofireImage\"",
					"\"$PODS_CONFIGURATION_BUILD_DIR/RxCocoa\"",
					"\"$PODS_CONFIGURATION_BUILD_DIR/RxSwift\"",
				);
				INFOPLIST_FILE = Versi/Info.plist;
				LD_RUNPATH_SEARCH_PATHS = "$(inherited) @executable_path/Frameworks";
				PRODUCT_BUNDLE_IDENTIFIER = com.IceApinan.Versi;
				PRODUCT_NAME = "$(TARGET_NAME)";
				SWIFT_VERSION = 4.0;
				TARGETED_DEVICE_FAMILY = "1,2";
			};
			name = Release;
		};
/* End XCBuildConfiguration section */

/* Begin XCConfigurationList section */
		F6B737361FB83CD20089CB33 /* Build configuration list for PBXProject "Versi" */ = {
			isa = XCConfigurationList;
			buildConfigurations = (
				F6B7374B1FB83CD20089CB33 /* Debug */,
				F6B7374C1FB83CD20089CB33 /* Release */,
			);
			defaultConfigurationIsVisible = 0;
			defaultConfigurationName = Release;
		};
		F6B7374D1FB83CD20089CB33 /* Build configuration list for PBXNativeTarget "Versi" */ = {
			isa = XCConfigurationList;
			buildConfigurations = (
				F6B7374E1FB83CD20089CB33 /* Debug */,
				F6B7374F1FB83CD20089CB33 /* Release */,
			);
			defaultConfigurationIsVisible = 0;
			defaultConfigurationName = Release;
		};
/* End XCConfigurationList section */
	};
	rootObject = F6B737331FB83CD20089CB33 /* Project object */;
}
